
Microsoft Visual Studio Solution File, Format Version 12.00
# Visual Studio Version 16
VisualStudioVersion = 16.0.31025.194
MinimumVisualStudioVersion = 10.0.40219.1
Project("{FAE04EC0-301F-11D3-BF4B-00C04F79EFBC}") = "c3318556_Assignment1", "c3318556_Assignment1\c3318556_Assignment1.csproj", "{73128A6A-7869-4632-AFE1-D001AD5FC1EE}"
EndProject
Global
	GlobalSection(SolutionConfigurationPlatforms) = preSolution
		Debug|Any CPU = Debug|Any CPU
		Release|Any CPU = Release|Any CPU
	EndGlobalSection
	GlobalSection(ProjectConfigurationPlatforms) = postSolution
		{73128A6A-7869-4632-AFE1-D001AD5FC1EE}.Debug|Any CPU.ActiveCfg = Debug|Any CPU
		{73128A6A-7869-4632-AFE1-D001AD5FC1EE}.Debug|Any CPU.Build.0 = Debug|Any CPU
		{73128A6A-7869-4632-AFE1-D001AD5FC1EE}.Release|Any CPU.ActiveCfg = Release|Any CPU
		{73128A6A-7869-4632-AFE1-D001AD5FC1EE}.Release|Any CPU.Build.0 = Release|Any CPU
	EndGlobalSection
	GlobalSection(SolutionProperties) = preSolution
		HideSolutionNode = FALSE
	EndGlobalSection
	GlobalSection(ExtensibilityGlobals) = postSolution
		SolutionGuid = {39FF3BC0-D56A-4A3E-A56C-2FDE9B2A6975}
	EndGlobalSection
EndGlobal
